<?xml version="1.0" encoding="utf-8"?>
<Project ToolsVersion="4.0" xmlns="http://schemas.microsoft.com/developer/msbuild/2003">
  <ItemGroup>
    <Filter Include="Snake">
      <UniqueIdentifier>{bfde94a7-ab10-4f39-9708-68106336f9e8}</UniqueIdentifier>
    </Filter>
    <Filter Include="Menu">
      <UniqueIdentifier>{fa468760-038c-4103-b8ac-71e09c75beef}</UniqueIdentifier>
    </Filter>
  </ItemGroup>
  <ItemGroup>
    <ClCompile Include="src\Snake\Snake.cpp">
      <Filter>Snake</Filter>
    </ClCompile>
    <ClCompile Include="src\main.c" />
    <ClCompile Include="Menu.cpp">
      <Filter>Menu</Filter>
    </ClCompile>
    <ClCompile Include="GameOver.cpp">
      <Filter>Menu</Filter>
    </ClCompile>
  </ItemGroup>
  <ItemGroup>
    <ClInclude Include="src\Snake\Snake.h">
      <Filter>Snake</Filter>
    </ClInclude>
    <ClInclude Include="Menu.h">
      <Filter>Menu</Filter>
    </ClInclude>
    <ClInclude Include="GameOver.h">
      <Filter>Menu</Filter>
    </ClInclude>
  </ItemGroup>
</Project>